
Microsoft Visual Studio Solution File, Format Version 12.00
# Visual Studio 2013
VisualStudioVersion = 12.0.40629.0
MinimumVisualStudioVersion = 10.0.40219.1
Project("{FAE04EC0-301F-11D3-BF4B-00C04F79EFBC}") = "Qfx2Qif", "Qfx2Qif\Qfx2Qif.csproj", "{04719134-D720-4B77-A18E-0209EECC2E55}"
EndProject
Global
	GlobalSection(SolutionConfigurationPlatforms) = preSolution
		Debug|Any CPU = Debug|Any CPU
		Release|Any CPU = Release|Any CPU
	EndGlobalSection
	GlobalSection(ProjectConfigurationPlatforms) = postSolution
		{04719134-D720-4B77-A18E-0209EECC2E55}.Debug|Any CPU.ActiveCfg = Debug|Any CPU
		{04719134-D720-4B77-A18E-0209EECC2E55}.Debug|Any CPU.Build.0 = Debug|Any CPU
		{04719134-D720-4B77-A18E-0209EECC2E55}.Release|Any CPU.ActiveCfg = Release|Any CPU
		{04719134-D720-4B77-A18E-0209EECC2E55}.Release|Any CPU.Build.0 = Release|Any CPU
	EndGlobalSection
	GlobalSection(SolutionProperties) = preSolution
		HideSolutionNode = FALSE
	EndGlobalSection
EndGlobal
